PODS:
  - AparajitaCapacitorSecureStorage (4.0.0):
    - Capacitor
  - Capacitor (5.0.5):
    - CapacitorCordova
  - CapacitorApp (5.0.3):
    - Capacitor
  - CapacitorCordova (5.0.5)
  - CapacitorHaptics (5.0.4):
    - Capacitor
  - CapacitorKeyboard (5.0.4):
    - Capacitor
  - CapacitorStatusBar (5.0.4):
    - Capacitor

DEPENDENCIES:
  - "AparajitaCapacitorSecureStorage (from `../../node_modules/.pnpm/@aparajita+capacitor-secure-storage@4.0.0/node_modules/@aparajita/capacitor-secure-storage`)"
  - "Capacitor (from `../../node_modules/.pnpm/@capacitor+ios@5.0.5_@capacitor+core@5.0.5/node_modules/@capacitor/ios`)"
  - "CapacitorApp (from `../../node_modules/.pnpm/@capacitor+app@5.0.3_@capacitor+core@5.0.5/node_modules/@capacitor/app`)"
  - "CapacitorCordova (from `../../node_modules/.pnpm/@capacitor+ios@5.0.5_@capacitor+core@5.0.5/node_modules/@capacitor/ios`)"
  - "CapacitorHaptics (from `../../node_modules/.pnpm/@capacitor+haptics@5.0.4_@capacitor+core@5.0.5/node_modules/@capacitor/haptics`)"
  - "CapacitorKeyboard (from `../../node_modules/.pnpm/@capacitor+keyboard@5.0.4_@capacitor+core@5.0.5/node_modules/@capacitor/keyboard`)"
  - "CapacitorStatusBar (from `../../node_modules/.pnpm/@capacitor+status-bar@5.0.4_@capacitor+core@5.0.5/node_modules/@capacitor/status-bar`)"

EXTERNAL SOURCES:
  AparajitaCapacitorSecureStorage:
    :path: "../../node_modules/.pnpm/@aparajita+capacitor-secure-storage@4.0.0/node_modules/@aparajita/capacitor-secure-storage"
  Capacitor:
    :path: "../../node_modules/.pnpm/@capacitor+ios@5.0.5_@capacitor+core@5.0.5/node_modules/@capacitor/ios"
  CapacitorApp:
    :path: "../../node_modules/.pnpm/@capacitor+app@5.0.3_@capacitor+core@5.0.5/node_modules/@capacitor/app"
  CapacitorCordova:
    :path: "../../node_modules/.pnpm/@capacitor+ios@5.0.5_@capacitor+core@5.0.5/node_modules/@capacitor/ios"
  CapacitorHaptics:
    :path: "../../node_modules/.pnpm/@capacitor+haptics@5.0.4_@capacitor+core@5.0.5/node_modules/@capacitor/haptics"
  CapacitorKeyboard:
    :path: "../../node_modules/.pnpm/@capacitor+keyboard@5.0.4_@capacitor+core@5.0.5/node_modules/@capacitor/keyboard"
  CapacitorStatusBar:
    :path: "../../node_modules/.pnpm/@capacitor+status-bar@5.0.4_@capacitor+core@5.0.5/node_modules/@capacitor/status-bar"

SPEC CHECKSUMS:
  AparajitaCapacitorSecureStorage: 9bb3406cb4c3713979ca1885764032e557266242
  Capacitor: b1248915663add1bd6567e2b67c1c1fa3abcf5e8
  CapacitorApp: 7a5dec8b33573707164b293475d5c89ba684364a
  CapacitorCordova: f8c06b897c74ee8f7701fe10e6443b40822bc83a
  CapacitorHaptics: e36653b37326d71bb35ae42b944124037dbc3d97
  CapacitorKeyboard: d1b25fde6f19744ad09c890862aefc6e2a7ded3d
  CapacitorStatusBar: 190e0321b8734f4244d0c81baa183a00d5806ddf

PODFILE CHECKSUM: 090c389632350c16a586130efc1949af13721257

COCOAPODS: 1.12.1
